
Microsoft Visual Studio Solution File, Format Version 12.00
# Visual Studio Version 17
VisualStudioVersion = 17.2.32519.379
MinimumVisualStudioVersion = 10.0.40219.1
Project("{FAE04EC0-301F-11D3-BF4B-00C04F79EFBC}") = "KantineWebApp2", "KantineWebApp2.csproj", "{14330400-E6FD-496C-9FAC-B32CEC48889F}"
EndProject
Global
	GlobalSection(SolutionConfigurationPlatforms) = preSolution
		Debug|Any CPU = Debug|Any CPU
		Release|Any CPU = Release|Any CPU
	EndGlobalSection
	GlobalSection(ProjectConfigurationPlatforms) = postSolution
		{14330400-E6FD-496C-9FAC-B32CEC48889F}.Debug|Any CPU.ActiveCfg = Debug|Any CPU
		{14330400-E6FD-496C-9FAC-B32CEC48889F}.Debug|Any CPU.Build.0 = Debug|Any CPU
		{14330400-E6FD-496C-9FAC-B32CEC48889F}.Release|Any CPU.ActiveCfg = Release|Any CPU
		{14330400-E6FD-496C-9FAC-B32CEC48889F}.Release|Any CPU.Build.0 = Release|Any CPU
	EndGlobalSection
	GlobalSection(SolutionProperties) = preSolution
		HideSolutionNode = FALSE
	EndGlobalSection
	GlobalSection(ExtensibilityGlobals) = postSolution
		SolutionGuid = {12272ED3-7C36-4C38-AEC7-8FC95103B909}
	EndGlobalSection
EndGlobal
